# This file is autogenerated, do not edit; changes may be undone by the next 'dep ensure'.


[[projects]]
  branch = "master"
  name = "github.com/bitrise-io/go-utils"
  packages = [
    "colorstring",
    "command",
    "errorutil",
    "log",
    "parseutil",
    "pathutil",
    "pointers",
    "sliceutil",
    "ziputil"
  ]
  revision = "b33f6bcef9b50045d7e62364b354584afc3ee329"

[[projects]]
  branch = "master"
  name = "github.com/bitrise-tools/go-android"
  packages = ["gradle"]
  revision = "926dbb2d85c3378c84c282884d1310c4287a8da8"

[[projects]]
  branch = "master"
  name = "github.com/bitrise-tools/go-steputils"
  packages = ["stepconf"]
  revision = "d4d9e08cc4347e8784bb18419fcdceb932e17019"

[[projects]]
  name = "github.com/ryanuber/go-glob"
  packages = ["."]
  revision = "572520ed46dbddaed19ea3d9541bdd0494163693"
  version = "v0.1"

[solve-meta]
  analyzer-name = "dep"
  analyzer-version = 1
  inputs-digest = "0bf6ee014103ddba75ac2819e4fbfb2dbaa48e1b9fa05cdd643d11cdd34901e6"
  solver-name = "gps-cdcl"
  solver-version = 1
